
Microsoft Visual Studio Solution File, Format Version 12.00
# Visual Studio Version 17
VisualStudioVersion = 17.0.31903.59
MinimumVisualStudioVersion = 10.0.40219.1
Project("{2150E333-8FDC-42A3-9474-1A3956D46DE8}") = "src", "src", "{06769AFD-DE62-4A3B-BD05-FE50A63446F9}"
EndProject
Project("{FAE04EC0-301F-11D3-BF4B-00C04F79EFBC}") = "NutriCare.Api", "src\NutriCare.Api\Nutricare.Api.csproj", "{1D42EBB9-814B-45AC-B122-1945002F2591}"
EndProject
Project("{FAE04EC0-301F-11D3-BF4B-00C04F79EFBC}") = "Nutricare.Desktop", "src\NutriCare.Desktop\Nutricare.Desktop.csproj", "{7C3B6D32-31F6-48A8-93B0-8132B4ACBB48}"
EndProject
Project("{FAE04EC0-301F-11D3-BF4B-00C04F79EFBC}") = "NutriCare.Core", "src\NutriCare.Core\NutriCare.Core.csproj", "{9CE11F61-1686-48E8-96BE-E6FA8B93E780}"
EndProject
Project("{FAE04EC0-301F-11D3-BF4B-00C04F79EFBC}") = "NutriCare.InfraStructure", "src\NutriCare.InfraStructure\NutriCare.InfraStructure.csproj", "{8D6581D6-C250-47B7-B09A-D47E63BC51E2}"
EndProject
Global
	GlobalSection(SolutionConfigurationPlatforms) = preSolution
		Debug|Any CPU = Debug|Any CPU
		Release|Any CPU = Release|Any CPU
	EndGlobalSection
	GlobalSection(SolutionProperties) = preSolution
		HideSolutionNode = FALSE
	EndGlobalSection
	GlobalSection(ProjectConfigurationPlatforms) = postSolution
		{1D42EBB9-814B-45AC-B122-1945002F2591}.Debug|Any CPU.ActiveCfg = Debug|Any CPU
		{1D42EBB9-814B-45AC-B122-1945002F2591}.Debug|Any CPU.Build.0 = Debug|Any CPU
		{1D42EBB9-814B-45AC-B122-1945002F2591}.Release|Any CPU.ActiveCfg = Release|Any CPU
		{1D42EBB9-814B-45AC-B122-1945002F2591}.Release|Any CPU.Build.0 = Release|Any CPU
		{7C3B6D32-31F6-48A8-93B0-8132B4ACBB48}.Debug|Any CPU.ActiveCfg = Debug|Any CPU
		{7C3B6D32-31F6-48A8-93B0-8132B4ACBB48}.Debug|Any CPU.Build.0 = Debug|Any CPU
		{7C3B6D32-31F6-48A8-93B0-8132B4ACBB48}.Release|Any CPU.ActiveCfg = Release|Any CPU
		{7C3B6D32-31F6-48A8-93B0-8132B4ACBB48}.Release|Any CPU.Build.0 = Release|Any CPU
		{9CE11F61-1686-48E8-96BE-E6FA8B93E780}.Debug|Any CPU.ActiveCfg = Debug|Any CPU
		{9CE11F61-1686-48E8-96BE-E6FA8B93E780}.Debug|Any CPU.Build.0 = Debug|Any CPU
		{9CE11F61-1686-48E8-96BE-E6FA8B93E780}.Release|Any CPU.ActiveCfg = Release|Any CPU
		{9CE11F61-1686-48E8-96BE-E6FA8B93E780}.Release|Any CPU.Build.0 = Release|Any CPU
		{8D6581D6-C250-47B7-B09A-D47E63BC51E2}.Debug|Any CPU.ActiveCfg = Debug|Any CPU
		{8D6581D6-C250-47B7-B09A-D47E63BC51E2}.Debug|Any CPU.Build.0 = Debug|Any CPU
		{8D6581D6-C250-47B7-B09A-D47E63BC51E2}.Release|Any CPU.ActiveCfg = Release|Any CPU
		{8D6581D6-C250-47B7-B09A-D47E63BC51E2}.Release|Any CPU.Build.0 = Release|Any CPU
	EndGlobalSection
	GlobalSection(NestedProjects) = preSolution
		{1D42EBB9-814B-45AC-B122-1945002F2591} = {06769AFD-DE62-4A3B-BD05-FE50A63446F9}
		{7C3B6D32-31F6-48A8-93B0-8132B4ACBB48} = {06769AFD-DE62-4A3B-BD05-FE50A63446F9}
		{9CE11F61-1686-48E8-96BE-E6FA8B93E780} = {06769AFD-DE62-4A3B-BD05-FE50A63446F9}
		{8D6581D6-C250-47B7-B09A-D47E63BC51E2} = {06769AFD-DE62-4A3B-BD05-FE50A63446F9}
	EndGlobalSection
EndGlobal
